// !$*UTF8*$!
{
	archiveVersion = 1;
	classes = {
	};
	objectVersion = 46;
	objects = {

/* Begin PBXBuildFile section */
		BFC254FA19C66FB200005051 /* Foundation.framework in Frameworks */ = {isa = PBXBuildFile; fileRef = BFC254F919C66FB200005051 /* Foundation.framework */; };
		BFC254FC19C66FB200005051 /* CoreGraphics.framework in Frameworks */ = {isa = PBXBuildFile; fileRef = BFC254FB19C66FB200005051 /* CoreGraphics.framework */; };
		BFC254FE19C66FB200005051 /* UIKit.framework in Frameworks */ = {isa = PBXBuildFile; fileRef = BFC254FD19C66FB200005051 /* UIKit.framework */; };
		BFC2550419C66FB200005051 /* InfoPlist.strings in Resources */ = {isa = PBXBuildFile; fileRef = BFC2550219C66FB200005051 /* InfoPlist.strings */; };
		BFC2550619C66FB300005051 /* main.m in Sources */ = {isa = PBXBuildFile; fileRef = BFC2550519C66FB300005051 /* main.m */; };
		BFC2550A19C66FB300005051 /* AppDelegate.m in Sources */ = {isa = PBXBuildFile; fileRef = BFC2550919C66FB300005051 /* AppDelegate.m */; };
		BFC2550D19C66FB300005051 /* Main.storyboard in Resources */ = {isa = PBXBuildFile; fileRef = BFC2550B19C66FB300005051 /* Main.storyboard */; };
		BFC2551019C66FB300005051 /* ViewController.m in Sources */ = {isa = PBXBuildFile; fileRef = BFC2550F19C66FB300005051 /* ViewController.m */; };
		BFC2551219C66FB300005051 /* Images.xcassets in Resources */ = {isa = PBXBuildFile; fileRef = BFC2551119C66FB300005051 /* Images.xcassets */; };
		BFC2551919C66FB300005051 /* XCTest.framework in Frameworks */ = {isa = PBXBuildFile; fileRef = BFC2551819C66FB300005051 /* XCTest.framework */; };
		BFC2551A19C66FB300005051 /* Foundation.framework in Frameworks */ = {isa = PBXBuildFile; fileRef = BFC254F919C66FB200005051 /* Foundation.framework */; };
		BFC2551B19C66FB300005051 /* UIKit.framework in Frameworks */ = {isa = PBXBuildFile; fileRef = BFC254FD19C66FB200005051 /* UIKit.framework */; };
		BFC2552319C66FB300005051 /* InfoPlist.strings in Resources */ = {isa = PBXBuildFile; fileRef = BFC2552119C66FB300005051 /* InfoPlist.strings */; };
		BFC2552519C66FB300005051 /* Gomez01P2Tests.m in Sources */ = {isa = PBXBuildFile; fileRef = BFC2552419C66FB300005051 /* Gomez01P2Tests.m */; };
		BFC2557019C670A800005051 /* tt1.jpeg in Resources */ = {isa = PBXBuildFile; fileRef = BFC2556F19C670A800005051 /* tt1.jpeg */; };
		BFE1C3D919C775540032959F /* GameBoard.m in Sources */ = {isa = PBXBuildFile; fileRef = BFE1C3D819C775540032959F /* GameBoard.m */; };
/* End PBXBuildFile section */

/* Begin PBXContainerItemProxy section */
		BFC2551C19C66FB300005051 /* PBXContainerItemProxy */ = {
			isa = PBXContainerItemProxy;
			containerPortal = BFC254EE19C66FB200005051 /* Project object */;
			proxyType = 1;
			remoteGlobalIDString = BFC254F519C66FB200005051;
			remoteInfo = Gomez01P2;
		};
/* End PBXContainerItemProxy section */

/* Begin PBXFileReference section */
		BFC254F619C66FB200005051 /* Gomez01P2.app */ = {isa = PBXFileReference; explicitFileType = wrapper.application; includeInIndex = 0; path = Gomez01P2.app; sourceTree = BUILT_PRODUCTS_DIR; };
		BFC254F919C66FB200005051 /* Foundation.framework */ = {isa = PBXFileReference; lastKnownFileType = wrapper.framework; name = Foundation.framework; path = System/Library/Frameworks/Foundation.framework; sourceTree = SDKROOT; };
		BFC254FB19C66FB200005051 /* CoreGraphics.framework */ = {isa = PBXFileReference; lastKnownFileType = wrapper.framework; name = CoreGraphics.framework; path = System/Library/Frameworks/CoreGraphics.framework; sourceTree = SDKROOT; };
		BFC254FD19C66FB200005051 /* UIKit.framework */ = {isa = PBXFileReference; lastKnownFileType = wrapper.framework; name = UIKit.framework; path = System/Library/Frameworks/UIKit.framework; sourceTree = SDKROOT; };
		BFC2550119C66FB200005051 /* Gomez01P2-Info.plist */ = {isa = PBXFileReference; lastKnownFileType = text.plist.xml; path = "Gomez01P2-Info.plist"; sourceTree = "<group>"; };
		BFC2550319C66FB200005051 /* en */ = {isa = PBXFileReference; lastKnownFileType = text.plist.strings; name = en; path = en.lproj/InfoPlist.strings; sourceTree = "<group>"; };
		BFC2550519C66FB300005051 /* main.m */ = {isa = PBXFileReference; lastKnownFileType = sourcecode.c.objc; path = main.m; sourceTree = "<group>"; };
		BFC2550719C66FB300005051 /* Gomez01P2-Prefix.pch */ = {isa = PBXFileReference; lastKnownFileType = sourcecode.c.h; path = "Gomez01P2-Prefix.pch"; sourceTree = "<group>"; };
		BFC2550819C66FB300005051 /* AppDelegate.h */ = {isa = PBXFileReference; lastKnownFileType = sourcecode.c.h; path = AppDelegate.h; sourceTree = "<group>"; };
		BFC2550919C66FB300005051 /* AppDelegate.m */ = {isa = PBXFileReference; lastKnownFileType = sourcecode.c.objc; path = AppDelegate.m; sourceTree = "<group>"; };
		BFC2550C19C66FB300005051 /* Base */ = {isa = PBXFileReference; lastKnownFileType = file.storyboard; name = Base; path = Base.lproj/Main.storyboard; sourceTree = "<group>"; };
		BFC2550E19C66FB300005051 /* ViewController.h */ = {isa = PBXFileReference; lastKnownFileType = sourcecode.c.h; path = ViewController.h; sourceTree = "<group>"; };
		BFC2550F19C66FB300005051 /* ViewController.m */ = {isa = PBXFileReference; lastKnownFileType = sourcecode.c.objc; path = ViewController.m; sourceTree = "<group>"; };
		BFC2551119C66FB300005051 /* Images.xcassets */ = {isa = PBXFileReference; lastKnownFileType = folder.assetcatalog; path = Images.xcassets; sourceTree = "<group>"; };
		BFC2551719C66FB300005051 /* Gomez01P2Tests.xctest */ = {isa = PBXFileReference; explicitFileType = wrapper.cfbundle; includeInIndex = 0; path = Gomez01P2Tests.xctest; sourceTree = BUILT_PRODUCTS_DIR; };
		BFC2551819C66FB300005051 /* XCTest.framework */ = {isa = PBXFileReference; lastKnownFileType = wrapper.framework; name = XCTest.framework; path = Library/Frameworks/XCTest.framework; sourceTree = DEVELOPER_DIR; };
		BFC2552019C66FB300005051 /* Gomez01P2Tests-Info.plist */ = {isa = PBXFileReference; lastKnownFileType = text.plist.xml; path = "Gomez01P2Tests-Info.plist"; sourceTree = "<group>"; };
		BFC2552219C66FB300005051 /* en */ = {isa = PBXFileReference; lastKnownFileType = text.plist.strings; name = en; path = en.lproj/InfoPlist.strings; sourceTree = "<group>"; };
		BFC2552419C66FB300005051 /* Gomez01P2Tests.m */ = {isa = PBXFileReference; lastKnownFileType = sourcecode.c.objc; path = Gomez01P2Tests.m; sourceTree = "<group>"; };
		BFC2556F19C670A800005051 /* tt1.jpeg */ = {isa = PBXFileReference; lastKnownFileType = image.jpeg; name = tt1.jpeg; path = ../../tt1.jpeg; sourceTree = "<group>"; };
		BFE1C3D719C775540032959F /* GameBoard.h */ = {isa = PBXFileReference; fileEncoding = 4; lastKnownFileType = sourcecode.c.h; path = GameBoard.h; sourceTree = "<group>"; };
		BFE1C3D819C775540032959F /* GameBoard.m */ = {isa = PBXFileReference; fileEncoding = 4; lastKnownFileType = sourcecode.c.objc; path = GameBoard.m; sourceTree = "<group>"; };
/* End PBXFileReference section */

/* Begin PBXFrameworksBuildPhase section */
		BFC254F319C66FB200005051 /* Frameworks */ = {
			isa = PBXFrameworksBuildPhase;
			buildActionMask = 2147483647;
			files = (
				BFC254FC19C66FB200005051 /* CoreGraphics.framework in Frameworks */,
				BFC254FE19C66FB200005051 /* UIKit.framework in Frameworks */,
				BFC254FA19C66FB200005051 /* Foundation.framework in Frameworks */,
			);
			runOnlyForDeploymentPostprocessing = 0;
		};
		BFC2551419C66FB300005051 /* Frameworks */ = {
			isa = PBXFrameworksBuildPhase;
			buildActionMask = 2147483647;
			files = (
				BFC2551919C66FB300005051 /* XCTest.framework in Frameworks */,
				BFC2551B19C66FB300005051 /* UIKit.framework in Frameworks */,
				BFC2551A19C66FB300005051 /* Foundation.framework in Frameworks */,
			);
			runOnlyForDeploymentPostprocessing = 0;
		};
/* End PBXFrameworksBuildPhase section */

/* Begin PBXGroup section */
		BFC254ED19C66FB200005051 = {
			isa = PBXGroup;
			children = (
				BFC254FF19C66FB200005051 /* Gomez01P2 */,
				BFC2551E19C66FB300005051 /* Gomez01P2Tests */,
				BFC254F819C66FB200005051 /* Frameworks */,
				BFC254F719C66FB200005051 /* Products */,
			);
			sourceTree = "<group>";
		};
		BFC254F719C66FB200005051 /* Products */ = {
			isa = PBXGroup;
			children = (
				BFC254F619C66FB200005051 /* Gomez01P2.app */,
				BFC2551719C66FB300005051 /* Gomez01P2Tests.xctest */,
			);
			name = Products;
			sourceTree = "<group>";
		};
		BFC254F819C66FB200005051 /* Frameworks */ = {
			isa = PBXGroup;
			children = (
				BFC254F919C66FB200005051 /* Foundation.framework */,
				BFC254FB19C66FB200005051 /* CoreGraphics.framework */,
				BFC254FD19C66FB200005051 /* UIKit.framework */,
				BFC2551819C66FB300005051 /* XCTest.framework */,
			);
			name = Frameworks;
			sourceTree = "<group>";
		};
		BFC254FF19C66FB200005051 /* Gomez01P2 */ = {
			isa = PBXGroup;
			children = (
				BFC2550819C66FB300005051 /* AppDelegate.h */,
				BFC2550919C66FB300005051 /* AppDelegate.m */,
				BFC2550B19C66FB300005051 /* Main.storyboard */,
				BFC2556F19C670A800005051 /* tt1.jpeg */,
				BFC2550E19C66FB300005051 /* ViewController.h */,
				BFC2550F19C66FB300005051 /* ViewController.m */,
				BFC2551119C66FB300005051 /* Images.xcassets */,
				BFC2550019C66FB200005051 /* Supporting Files */,
				BFE1C3D719C775540032959F /* GameBoard.h */,
				BFE1C3D819C775540032959F /* GameBoard.m */,
			);
			path = Gomez01P2;
			sourceTree = "<group>";
		};
		BFC2550019C66FB200005051 /* Supporting Files */ = {
			isa = PBXGroup;
			children = (
				BFC2550119C66FB200005051 /* Gomez01P2-Info.plist */,
				BFC2550219C66FB200005051 /* InfoPlist.strings */,
				BFC2550519C66FB300005051 /* main.m */,
				BFC2550719C66FB300005051 /* Gomez01P2-Prefix.pch */,
			);
			name = "Supporting Files";
			sourceTree = "<group>";
		};
		BFC2551E19C66FB300005051 /* Gomez01P2Tests */ = {
			isa = PBXGroup;
			children = (
				BFC2552419C66FB300005051 /* Gomez01P2Tests.m */,
				BFC2551F19C66FB300005051 /* Supporting Files */,
			);
			path = Gomez01P2Tests;
			sourceTree = "<group>";
		};
		BFC2551F19C66FB300005051 /* Supporting Files */ = {
			isa = PBXGroup;
			children = (
				BFC2552019C66FB300005051 /* Gomez01P2Tests-Info.plist */,
				BFC2552119C66FB300005051 /* InfoPlist.strings */,
			);
			name = "Supporting Files";
			sourceTree = "<group>";
		};
/* End PBXGroup section */

/* Begin PBXNativeTarget section */
		BFC254F519C66FB200005051 /* Gomez01P2 */ = {
			isa = PBXNativeTarget;
			buildConfigurationList = BFC2552819C66FB300005051 /* Build configuration list for PBXNativeTarget "Gomez01P2" */;
			buildPhases = (
				BFC254F219C66FB200005051 /* Sources */,
				BFC254F319C66FB200005051 /* Frameworks */,
				BFC254F419C66FB200005051 /* Resources */,
			);
			buildRules = (
			);
			dependencies = (
			);
			name = Gomez01P2;
			productName = Gomez01P2;
			productReference = BFC254F619C66FB200005051 /* Gomez01P2.app */;
			productType = "com.apple.product-type.application";
		};
		BFC2551619C66FB300005051 /* Gomez01P2Tests */ = {
			isa = PBXNativeTarget;
			buildConfigurationList = BFC2552B19C66FB300005051 /* Build configuration list for PBXNativeTarget "Gomez01P2Tests" */;
			buildPhases = (
				BFC2551319C66FB300005051 /* Sources */,
				BFC2551419C66FB300005051 /* Frameworks */,
				BFC2551519C66FB300005051 /* Resources */,
			);
			buildRules = (
			);
			dependencies = (
				BFC2551D19C66FB300005051 /* PBXTargetDependency */,
			);
			name = Gomez01P2Tests;
			productName = Gomez01P2Tests;
			productReference = BFC2551719C66FB300005051 /* Gomez01P2Tests.xctest */;
			productType = "com.apple.product-type.bundle.unit-test";
		};
/* End PBXNativeTarget section */

/* Begin PBXProject section */
		BFC254EE19C66FB200005051 /* Project object */ = {
			isa = PBXProject;
			attributes = {
				LastUpgradeCheck = 0510;
				ORGANIZATIONNAME = rgome117;
				TargetAttributes = {
					BFC2551619C66FB300005051 = {
						TestTargetID = BFC254F519C66FB200005051;
					};
				};
			};
			buildConfigurationList = BFC254F119C66FB200005051 /* Build configuration list for PBXProject "Gomez01P2" */;
			compatibilityVersion = "Xcode 3.2";
			developmentRegion = English;
			hasScannedForEncodings = 0;
			knownRegions = (
				en,
				Base,
			);
			mainGroup = BFC254ED19C66FB200005051;
			productRefGroup = BFC254F719C66FB200005051 /* Products */;
			projectDirPath = "";
			projectRoot = "";
			targets = (
				BFC254F519C66FB200005051 /* Gomez01P2 */,
				BFC2551619C66FB300005051 /* Gomez01P2Tests */,
			);
		};
/* End PBXProject section */

/* Begin PBXResourcesBuildPhase section */
		BFC254F419C66FB200005051 /* Resources */ = {
			isa = PBXResourcesBuildPhase;
			buildActionMask = 2147483647;
			files = (
				BFC2551219C66FB300005051 /* Images.xcassets in Resources */,
				BFC2557019C670A800005051 /* tt1.jpeg in Resources */,
				BFC2550419C66FB200005051 /* InfoPlist.strings in Resources */,
				BFC2550D19C66FB300005051 /* Main.storyboard in Resources */,
			);
			runOnlyForDeploymentPostprocessing = 0;
		};
		BFC2551519C66FB300005051 /* Resources */ = {
			isa = PBXResourcesBuildPhase;
			buildActionMask = 2147483647;
			files = (
				BFC2552319C66FB300005051 /* InfoPlist.strings in Resources */,
			);
			runOnlyForDeploymentPostprocessing = 0;
		};
/* End PBXResourcesBuildPhase section */

/* Begin PBXSourcesBuildPhase section */
		BFC254F219C66FB200005051 /* Sources */ = {
			isa = PBXSourcesBuildPhase;
			buildActionMask = 2147483647;
			files = (
				BFE1C3D919C775540032959F /* GameBoard.m in Sources */,
				BFC2551019C66FB300005051 /* ViewController.m in Sources */,
				BFC2550A19C66FB300005051 /* AppDelegate.m in Sources */,
				BFC2550619C66FB300005051 /* main.m in Sources */,
			);
			runOnlyForDeploymentPostprocessing = 0;
		};
		BFC2551319C66FB300005051 /* Sources */ = {
			isa = PBXSourcesBuildPhase;
			buildActionMask = 2147483647;
			files = (
				BFC2552519C66FB300005051 /* Gomez01P2Tests.m in Sources */,
			);
			runOnlyForDeploymentPostprocessing = 0;
		};
/* End PBXSourcesBuildPhase section */

/* Begin PBXTargetDependency section */
		BFC2551D19C66FB300005051 /* PBXTargetDependency */ = {
			isa = PBXTargetDependency;
			target = BFC254F519C66FB200005051 /* Gomez01P2 */;
			targetProxy = BFC2551C19C66FB300005051 /* PBXContainerItemProxy */;
		};
/* End PBXTargetDependency section */

/* Begin PBXVariantGroup section */
		BFC2550219C66FB200005051 /* InfoPlist.strings */ = {
			isa = PBXVariantGroup;
			children = (
				BFC2550319C66FB200005051 /* en */,
			);
			name = InfoPlist.strings;
			sourceTree = "<group>";
		};
		BFC2550B19C66FB300005051 /* Main.storyboard */ = {
			isa = PBXVariantGroup;
			children = (
				BFC2550C19C66FB300005051 /* Base */,
			);
			name = Main.storyboard;
			sourceTree = "<group>";
		};
		BFC2552119C66FB300005051 /* InfoPlist.strings */ = {
			isa = PBXVariantGroup;
			children = (
				BFC2552219C66FB300005051 /* en */,
			);
			name = InfoPlist.strings;
			sourceTree = "<group>";
		};
/* End PBXVariantGroup section */

/* Begin XCBuildConfiguration section */
		BFC2552619C66FB300005051 /* Debug */ = {
			isa = XCBuildConfiguration;
			buildSettings = {
				ALWAYS_SEARCH_USER_PATHS = NO;
				CLANG_CXX_LANGUAGE_STANDARD = "gnu++0x";
				CLANG_CXX_LIBRARY = "libc++";
				CLANG_ENABLE_MODULES = YES;
				CLANG_ENABLE_OBJC_ARC = YES;
				CLANG_WARN_BOOL_CONVERSION = YES;
				CLANG_WARN_CONSTANT_CONVERSION = YES;
				CLANG_WARN_DIRECT_OBJC_ISA_USAGE = YES_ERROR;
				CLANG_WARN_EMPTY_BODY = YES;
				CLANG_WARN_ENUM_CONVERSION = YES;
				CLANG_WARN_INT_CONVERSION = YES;
				CLANG_WARN_OBJC_ROOT_CLASS = YES_ERROR;
				CLANG_WARN__DUPLICATE_METHOD_MATCH = YES;
				"CODE_SIGN_IDENTITY[sdk=iphoneos*]" = "iPhone Developer";
				COPY_PHASE_STRIP = NO;
				GCC_C_LANGUAGE_STANDARD = gnu99;
				GCC_DYNAMIC_NO_PIC = NO;
				GCC_OPTIMIZATION_LEVEL = 0;
				GCC_PREPROCESSOR_DEFINITIONS = (
					"DEBUG=1",
					"$(inherited)",
				);
				GCC_SYMBOLS_PRIVATE_EXTERN = NO;
				GCC_WARN_64_TO_32_BIT_CONVERSION = YES;
				GCC_WARN_ABOUT_RETURN_TYPE = YES_ERROR;
				GCC_WARN_UNDECLARED_SELECTOR = YES;
				GCC_WARN_UNINITIALIZED_AUTOS = YES_AGGRESSIVE;
				GCC_WARN_UNUSED_FUNCTION = YES;
				GCC_WARN_UNUSED_VARIABLE = YES;
				IPHONEOS_DEPLOYMENT_TARGET = 7.1;
				ONLY_ACTIVE_ARCH = YES;
				SDKROOT = iphoneos;
			};
			name = Debug;
		};
		BFC2552719C66FB300005051 /* Release */ = {
			isa = XCBuildConfiguration;
			buildSettings = {
				ALWAYS_SEARCH_USER_PATHS = NO;
				CLANG_CXX_LANGUAGE_STANDARD = "gnu++0x";
				CLANG_CXX_LIBRARY = "libc++";
				CLANG_ENABLE_MODULES = YES;
				CLANG_ENABLE_OBJC_ARC = YES;
				CLANG_WARN_BOOL_CONVERSION = YES;
				CLANG_WARN_CONSTANT_CONVERSION = YES;
				CLANG_WARN_DIRECT_OBJC_ISA_USAGE = YES_ERROR;
				CLANG_WARN_EMPTY_BODY = YES;
				CLANG_WARN_ENUM_CONVERSION = YES;
				CLANG_WARN_INT_CONVERSION = YES;
				CLANG_WARN_OBJC_ROOT_CLASS = YES_ERROR;
				CLANG_WARN__DUPLICATE_METHOD_MATCH = YES;
				"CODE_SIGN_IDENTITY[sdk=iphoneos*]" = "iPhone Developer";
				COPY_PHASE_STRIP = YES;
				ENABLE_NS_ASSERTIONS = NO;
				GCC_C_LANGUAGE_STANDARD = gnu99;
				GCC_WARN_64_TO_32_BIT_CONVERSION = YES;
				GCC_WARN_ABOUT_RETURN_TYPE = YES_ERROR;
				GCC_WARN_UNDECLARED_SELECTOR = YES;
				GCC_WARN_UNINITIALIZED_AUTOS = YES_AGGRESSIVE;
				GCC_WARN_UNUSED_FUNCTION = YES;
				GCC_WARN_UNUSED_VARIABLE = YES;
				IPHONEOS_DEPLOYMENT_TARGET = 7.1;
				SDKROOT = iphoneos;
				VALIDATE_PRODUCT = YES;
			};
			name = Release;
		};
		BFC2552919C66FB300005051 /* Debug */ = {
			isa = XCBuildConfiguration;
			buildSettings = {
				ASSETCATALOG_COMPILER_APPICON_NAME = AppIcon;
				ASSETCATALOG_COMPILER_LAUNCHIMAGE_NAME = LaunchImage;
				GCC_PRECOMPILE_PREFIX_HEADER = YES;
				GCC_PREFIX_HEADER = "Gomez01P2/Gomez01P2-Prefix.pch";
				INFOPLIST_FILE = "Gomez01P2/Gomez01P2-Info.plist";
				PRODUCT_NAME = "$(TARGET_NAME)";
				WRAPPER_EXTENSION = app;
			};
			name = Debug;
		};
		BFC2552A19C66FB300005051 /* Release */ = {
			isa = XCBuildConfiguration;
			buildSettings = {
				ASSETCATALOG_COMPILER_APPICON_NAME = AppIcon;
				ASSETCATALOG_COMPILER_LAUNCHIMAGE_NAME = LaunchImage;
				GCC_PRECOMPILE_PREFIX_HEADER = YES;
				GCC_PREFIX_HEADER = "Gomez01P2/Gomez01P2-Prefix.pch";
				INFOPLIST_FILE = "Gomez01P2/Gomez01P2-Info.plist";
				PRODUCT_NAME = "$(TARGET_NAME)";
				WRAPPER_EXTENSION = app;
			};
			name = Release;
		};
		BFC2552C19C66FB300005051 /* Debug */ = {
			isa = XCBuildConfiguration;
			buildSettings = {
				BUNDLE_LOADER = "$(BUILT_PRODUCTS_DIR)/Gomez01P2.app/Gomez01P2";
				FRAMEWORK_SEARCH_PATHS = (
					"$(SDKROOT)/Developer/Library/Frameworks",
					"$(inherited)",
					"$(DEVELOPER_FRAMEWORKS_DIR)",
				);
				GCC_PRECOMPILE_PREFIX_HEADER = YES;
				GCC_PREFIX_HEADER = "Gomez01P2/Gomez01P2-Prefix.pch";
				GCC_PREPROCESSOR_DEFINITIONS = (
					"DEBUG=1",
					"$(inherited)",
				);
				INFOPLIST_FILE = "Gomez01P2Tests/Gomez01P2Tests-Info.plist";
				PRODUCT_NAME = "$(TARGET_NAME)";
				TEST_HOST = "$(BUNDLE_LOADER)";
				WRAPPER_EXTENSION = xctest;
			};
			name = Debug;
		};
		BFC2552D19C66FB300005051 /* Release */ = {
			isa = XCBuildConfiguration;
			buildSettings = {
				BUNDLE_LOADER = "$(BUILT_PRODUCTS_DIR)/Gomez01P2.app/Gomez01P2";
				FRAMEWORK_SEARCH_PATHS = (
					"$(SDKROOT)/Developer/Library/Frameworks",
					"$(inherited)",
					"$(DEVELOPER_FRAMEWORKS_DIR)",
				);
				GCC_PRECOMPILE_PREFIX_HEADER = YES;
				GCC_PREFIX_HEADER = "Gomez01P2/Gomez01P2-Prefix.pch";
				INFOPLIST_FILE = "Gomez01P2Tests/Gomez01P2Tests-Info.plist";
				PRODUCT_NAME = "$(TARGET_NAME)";
				TEST_HOST = "$(BUNDLE_LOADER)";
				WRAPPER_EXTENSION = xctest;
			};
			name = Release;
		};
/* End XCBuildConfiguration section */

/* Begin XCConfigurationList section */
		BFC254F119C66FB200005051 /* Build configuration list for PBXProject "Gomez01P2" */ = {
			isa = XCConfigurationList;
			buildConfigurations = (
				BFC2552619C66FB300005051 /* Debug */,
				BFC2552719C66FB300005051 /* Release */,
			);
			defaultConfigurationIsVisible = 0;
			defaultConfigurationName = Release;
		};
		BFC2552819C66FB300005051 /* Build configuration list for PBXNativeTarget "Gomez01P2" */ = {
			isa = XCConfigurationList;
			buildConfigurations = (
				BFC2552919C66FB300005051 /* Debug */,
				BFC2552A19C66FB300005051 /* Release */,
			);
			defaultConfigurationIsVisible = 0;
			defaultConfigurationName = Release;
		};
		BFC2552B19C66FB300005051 /* Build configuration list for PBXNativeTarget "Gomez01P2Tests" */ = {
			isa = XCConfigurationList;
			buildConfigurations = (
				BFC2552C19C66FB300005051 /* Debug */,
				BFC2552D19C66FB300005051 /* Release */,
			);
			defaultConfigurationIsVisible = 0;
			defaultConfigurationName = Release;
		};
/* End XCConfigurationList section */
	};
	rootObject = BFC254EE19C66FB200005051 /* Project object */;
}
